
Microsoft Visual Studio Solution File, Format Version 12.00
# Visual Studio 15
VisualStudioVersion = 15.0.28307.705
MinimumVisualStudioVersion = 10.0.40219.1
Project("{FAE04EC0-301F-11D3-BF4B-00C04F79EFBC}") = "GrabTradeInfo", "GrabTradeInfo\GrabTradeInfo.csproj", "{441A3421-2892-4A51-A397-048D5A5360B6}"
EndProject
Project("{54435603-DBB4-11D2-8724-00A0C9A8B90C}") = "MHGrabTradeInfoSetup", "MHGrabTradeInfoSetup\MHGrabTradeInfoSetup.vdproj", "{F93CAA85-A77D-4816-863F-59B5FB8E6263}"
EndProject
Global
	GlobalSection(SolutionConfigurationPlatforms) = preSolution
		Debug|Any CPU = Debug|Any CPU
		Release|Any CPU = Release|Any CPU
	EndGlobalSection
	GlobalSection(ProjectConfigurationPlatforms) = postSolution
		{441A3421-2892-4A51-A397-048D5A5360B6}.Debug|Any CPU.ActiveCfg = Debug|Any CPU
		{441A3421-2892-4A51-A397-048D5A5360B6}.Debug|Any CPU.Build.0 = Debug|Any CPU
		{441A3421-2892-4A51-A397-048D5A5360B6}.Release|Any CPU.ActiveCfg = Release|Any CPU
		{441A3421-2892-4A51-A397-048D5A5360B6}.Release|Any CPU.Build.0 = Release|Any CPU
		{F93CAA85-A77D-4816-863F-59B5FB8E6263}.Debug|Any CPU.ActiveCfg = Debug
		{F93CAA85-A77D-4816-863F-59B5FB8E6263}.Release|Any CPU.ActiveCfg = Release
	EndGlobalSection
	GlobalSection(SolutionProperties) = preSolution
		HideSolutionNode = FALSE
	EndGlobalSection
	GlobalSection(ExtensibilityGlobals) = postSolution
		SolutionGuid = {35258BEB-7006-4B75-B9E9-3E2E97C0D66C}
	EndGlobalSection
EndGlobal
